
Microsoft Visual Studio Solution File, Format Version 12.00
# Visual Studio Version 16
VisualStudioVersion = 16.0.28803.156
MinimumVisualStudioVersion = 10.0.40219.1
Project("{2150E333-8FDC-42A3-9474-1A3956D46DE8}") = "Solution Items", "Solution Items", "{CD266C83-B714-4217-8A6A-0B705EAA4B26}"
EndProject
Project("{2150E333-8FDC-42A3-9474-1A3956D46DE8}") = "src", "src", "{667A617C-6896-42F2-ADB0-2373332A1B2E}"
EndProject
Project("{FAE04EC0-301F-11D3-BF4B-00C04F79EFBC}") = "FightClass.Vanilla.Warrior", "src\FightClass.Vanilla.Warrior\FightClass.Vanilla.Warrior.csproj", "{3FDEDCF8-05F2-451E-8A0C-316C7888EC88}"
EndProject
Project("{FAE04EC0-301F-11D3-BF4B-00C04F79EFBC}") = "FightClass.Wotlk.DeathKnight.Frost", "src\FightClass.Wotlk.DeathKnight.Frost\FightClass.Wotlk.DeathKnight.Frost.csproj", "{04065F1A-1323-4ECE-833D-5185AD5504F0}"
EndProject
Project("{FAE04EC0-301F-11D3-BF4B-00C04F79EFBC}") = "FightClass.Wotlk.Paladin.Retribution", "src\FightClass.Wotlk.Paladin.Retribution\FightClass.Wotlk.Paladin.Retribution.csproj", "{8DD5F74D-3DE3-4DFF-BADE-3286222F5631}"
EndProject
Project("{FAE04EC0-301F-11D3-BF4B-00C04F79EFBC}") = "FightClass.Wotlk.Shaman.Enhancement", "src\FightClass.Wotlk.Shaman.Enhancement\FightClass.Wotlk.Shaman.Enhancement.csproj", "{3DBADABB-8EBD-42EC-BF34-B0D35058B7E1}"
EndProject
Project("{FAE04EC0-301F-11D3-BF4B-00C04F79EFBC}") = "FightClass.Wotlk.Warrior.Fury", "src\FightClass.Wotlk.Warrior.Fury\FightClass.Wotlk.Warrior.Fury.csproj", "{69DA64A7-C9E6-4E14-B2BC-F3B7225DE76E}"
EndProject
Project("{FAE04EC0-301F-11D3-BF4B-00C04F79EFBC}") = "FightClass.Wotlk.Druid.Restoration", "src\FightClass.Wotlk.Druid.Restoration\FightClass.Wotlk.Druid.Restoration.csproj", "{3F992ED0-D3F8-4B6F-909C-AC9DC42F2A10}"
EndProject
Global
	GlobalSection(SolutionConfigurationPlatforms) = preSolution
		Debug|Any CPU = Debug|Any CPU
		Release|Any CPU = Release|Any CPU
	EndGlobalSection
	GlobalSection(ProjectConfigurationPlatforms) = postSolution
		{3FDEDCF8-05F2-451E-8A0C-316C7888EC88}.Debug|Any CPU.ActiveCfg = Debug|Any CPU
		{3FDEDCF8-05F2-451E-8A0C-316C7888EC88}.Debug|Any CPU.Build.0 = Debug|Any CPU
		{3FDEDCF8-05F2-451E-8A0C-316C7888EC88}.Release|Any CPU.ActiveCfg = Release|Any CPU
		{3FDEDCF8-05F2-451E-8A0C-316C7888EC88}.Release|Any CPU.Build.0 = Release|Any CPU
		{04065F1A-1323-4ECE-833D-5185AD5504F0}.Debug|Any CPU.ActiveCfg = Debug|Any CPU
		{04065F1A-1323-4ECE-833D-5185AD5504F0}.Debug|Any CPU.Build.0 = Debug|Any CPU
		{04065F1A-1323-4ECE-833D-5185AD5504F0}.Release|Any CPU.ActiveCfg = Release|Any CPU
		{04065F1A-1323-4ECE-833D-5185AD5504F0}.Release|Any CPU.Build.0 = Release|Any CPU
		{8DD5F74D-3DE3-4DFF-BADE-3286222F5631}.Debug|Any CPU.ActiveCfg = Debug|Any CPU
		{8DD5F74D-3DE3-4DFF-BADE-3286222F5631}.Debug|Any CPU.Build.0 = Debug|Any CPU
		{8DD5F74D-3DE3-4DFF-BADE-3286222F5631}.Release|Any CPU.ActiveCfg = Release|Any CPU
		{8DD5F74D-3DE3-4DFF-BADE-3286222F5631}.Release|Any CPU.Build.0 = Release|Any CPU
		{3DBADABB-8EBD-42EC-BF34-B0D35058B7E1}.Debug|Any CPU.ActiveCfg = Debug|Any CPU
		{3DBADABB-8EBD-42EC-BF34-B0D35058B7E1}.Debug|Any CPU.Build.0 = Debug|Any CPU
		{3DBADABB-8EBD-42EC-BF34-B0D35058B7E1}.Release|Any CPU.ActiveCfg = Release|Any CPU
		{3DBADABB-8EBD-42EC-BF34-B0D35058B7E1}.Release|Any CPU.Build.0 = Release|Any CPU
		{69DA64A7-C9E6-4E14-B2BC-F3B7225DE76E}.Debug|Any CPU.ActiveCfg = Debug|Any CPU
		{69DA64A7-C9E6-4E14-B2BC-F3B7225DE76E}.Debug|Any CPU.Build.0 = Debug|Any CPU
		{69DA64A7-C9E6-4E14-B2BC-F3B7225DE76E}.Release|Any CPU.ActiveCfg = Release|Any CPU
		{69DA64A7-C9E6-4E14-B2BC-F3B7225DE76E}.Release|Any CPU.Build.0 = Release|Any CPU
		{3F992ED0-D3F8-4B6F-909C-AC9DC42F2A10}.Debug|Any CPU.ActiveCfg = Debug|Any CPU
		{3F992ED0-D3F8-4B6F-909C-AC9DC42F2A10}.Debug|Any CPU.Build.0 = Debug|Any CPU
		{3F992ED0-D3F8-4B6F-909C-AC9DC42F2A10}.Release|Any CPU.ActiveCfg = Release|Any CPU
		{3F992ED0-D3F8-4B6F-909C-AC9DC42F2A10}.Release|Any CPU.Build.0 = Release|Any CPU
	EndGlobalSection
	GlobalSection(SolutionProperties) = preSolution
		HideSolutionNode = FALSE
	EndGlobalSection
	GlobalSection(NestedProjects) = preSolution
		{667A617C-6896-42F2-ADB0-2373332A1B2E} = {CD266C83-B714-4217-8A6A-0B705EAA4B26}
		{3FDEDCF8-05F2-451E-8A0C-316C7888EC88} = {667A617C-6896-42F2-ADB0-2373332A1B2E}
		{04065F1A-1323-4ECE-833D-5185AD5504F0} = {667A617C-6896-42F2-ADB0-2373332A1B2E}
		{8DD5F74D-3DE3-4DFF-BADE-3286222F5631} = {667A617C-6896-42F2-ADB0-2373332A1B2E}
		{3DBADABB-8EBD-42EC-BF34-B0D35058B7E1} = {667A617C-6896-42F2-ADB0-2373332A1B2E}
		{69DA64A7-C9E6-4E14-B2BC-F3B7225DE76E} = {667A617C-6896-42F2-ADB0-2373332A1B2E}
		{3F992ED0-D3F8-4B6F-909C-AC9DC42F2A10} = {667A617C-6896-42F2-ADB0-2373332A1B2E}
	EndGlobalSection
	GlobalSection(ExtensibilityGlobals) = postSolution
		SolutionGuid = {E1FA4AF5-041B-48DD-A5FD-D2A82B7D1A17}
	EndGlobalSection
EndGlobal
